# This file is automatically @generated by Cargo.
# It is not intended for manual editing.
version = 4

[[package]]
name = "cortex-basal-ganglia"
version = "0.1.0"

[[package]]
name = "cortex-cerebellum"
version = "0.1.0"

[[package]]
name = "cortex-connectome"
version = "0.1.0"

[[package]]
name = "cortex-core"
version = "0.1.0"

[[package]]
name = "cortex-embodiment"
version = "0.1.0"

[[package]]
name = "cortex-fabric"
version = "0.1.0"

[[package]]
name = "cortex-hippocampus"
version = "0.1.0"

[[package]]
name = "cortex-homeostasis"
version = "0.1.0"

[[package]]
name = "cortex-neuromod"
version = "0.1.0"

[[package]]
name = "cortex-salience"
version = "0.1.0"

[[package]]
name = "cortex-sensory"
version = "0.1.0"

[[package]]
name = "cortex-symbolic"
version = "0.1.0"

[[package]]
name = "cortex-telemetry"
version = "0.1.0"

[[package]]
name = "cortex-workspace"
version = "0.1.0"
