{
  "name": "virtualcortex-specs",
  "version": "0.0.0",
  "lockfileVersion": 3,
  "requires": true,
  "packages": {
    "": {
      "name": "virtualcortex-specs",
      "version": "0.0.0",
      "license": "(Apache-2.0 OR MIT)",
      "devDependencies": {
        "@descent-vtt/spec-graph": "0.3.0",
        "@descent-vtt/spec-guard": "0.5.0"
      },
      "engines": {
        "node": ">=22"
      }
    },
    "node_modules/@descent-vtt/spec-graph": {
      "version": "0.3.0",
      "resolved": "https://registry.npmjs.org/@descent-vtt/spec-graph/-/spec-graph-0.3.0.tgz",
      "integrity": "sha512-/dWTVuM+BwO+eMos3/LV9tN5/XPhEPck8AH/UYtfKyDVlJZA8vHOxuE0OUrFprIQEMT9HZI1r08bcBMLeMM8bw==",
      "dev": true,
      "license": "MIT",
      "bin": {
        "spec-graph": "bin/spec-graph.js"
      },
      "engines": {
        "node": ">=22"
      }
    },
    "node_modules/@descent-vtt/spec-guard": {
      "version": "0.5.0",
      "resolved": "https://registry.npmjs.org/@descent-vtt/spec-guard/-/spec-guard-0.5.0.tgz",
      "integrity": "sha512-QL88Ri+d90lFJA2ZCOsGjr9lF6O/znoQzW4ZALQ58/pJzolzd5WYldF/HCIz68RaQvYm0NjOFrY+icPZO6r5MA==",
      "dev": true,
      "license": "MIT",
      "bin": {
        "spec-guard": "bin/spec-guard.js"
      },
      "engines": {
        "node": ">=22"
      }
    }
  }
}
